{
  "name": "mantra-backend",
  "version": "1.0.0",
  "description": "Backend final para la plataforma MANTRA conectado a PostgreSQL",
  "main": "index.js",
  "scripts": {
    "start": "node index.js"
  },
  "dependencies": {
    "cors": "^2.8.5",
    "dotenv": "^17.4.2",
    "express": "^4.18.2",
    "pg": "^8.20.0"
  },
  "engines": {
    "node": ">=16.0.0"
  }
}